PODS:
  - Flutter (1.0.0)
  - LBLelinkKit (30706)
  - lblelinkplugin (0.0.1):
    - Flutter
    - LBLelinkKit (= 30706)

DEPENDENCIES:
  - Flutter (from `Flutter`)
  - lblelinkplugin (from `.symlinks/plugins/lblelinkplugin/ios`)

SPEC REPOS:
  trunk:
    - LBLelinkKit

EXTERNAL SOURCES:
  Flutter:
    :path: Flutter
  lblelinkplugin:
    :path: ".symlinks/plugins/lblelinkplugin/ios"

SPEC CHECKSUMS:
  Flutter: 434fef37c0980e73bb6479ef766c45957d4b510c
  LBLelinkKit: 7fbaae07a4c26e6bb740c6d07e99a8886bc1dd62
  lblelinkplugin: bd7604bd447d687a192fe5467aab773656c80ec4

PODFILE CHECKSUM: aafe91acc616949ddb318b77800a7f51bffa2a4c

COCOAPODS: 1.10.1
